{
    "_readme": [
        "This file locks the dependencies of your project to a known state",
        "Read more about it at https://getcomposer.org/doc/01-basic-usage.md#installing-dependencies",
        "This file is @generated automatically"
    ],
    "content-hash": "593aa0c7e6bd5fff34d51f80cafc0092",
    "packages": [
        {
            "name": "commerceguys/intl",
            "version": "v1.0.5",
            "source": {
                "type": "git",
                "url": "https://github.com/commerceguys/intl.git",
                "reference": "6a8c7a8da189d51856b642a61aeb8ae5114fec6c"
            },
            "dist": {
                "type": "zip",
                "url": "https://api.github.com/repos/commerceguys/intl/zipball/6a8c7a8da189d51856b642a61aeb8ae5114fec6c",
                "reference": "6a8c7a8da189d51856b642a61aeb8ae5114fec6c",
                "shasum": ""
            },
            "require": {
                "php": ">=5.5.0"
            },
            "require-dev": {
                "mikey179/vfsstream": "1.*",
                "phpunit/phpunit": "~4.0"
            },
            "type": "library",
            "extra": {
                "branch-alias": {
                    "dev-master": "1.x-dev"
                }
            },
            "autoload": {
                "psr-4": {
                    "CommerceGuys\\Intl\\": "src"
                }
            },
            "notification-url": "https://packagist.org/downloads/",
            "license": [
                "MIT"
            ],
            "authors": [
                {
                    "name": "Bojan Zivanovic"
                }
            ],
            "description": "Internationalization library powered by CLDR data.",
            "time": "2019-10-22T10:40:46+00:00"
        }
    ],
    "packages-dev": [],
    "aliases": [],
    "minimum-stability": "stable",
    "stability-flags": [],
    "prefer-stable": false,
    "prefer-lowest": false,
    "platform": [],
    "platform-dev": []
}
